
Microsoft Visual Studio Solution File, Format Version 12.00
Project("{2150E333-8FDC-42A3-9474-1A3956D46DE8}") = ".Global", ".Global", "{6BC7CE04-84C4-4498-A213-D85CD3B536E0}"
	ProjectSection(SolutionItems) = preProject
		.gitignore = .gitignore
		Directory.Build.props = Directory.Build.props
		README.md = README.md
		.editorconfig = .editorconfig
		NuGet.Config = NuGet.Config
	EndProjectSection
EndProject
Project("{2150E333-8FDC-42A3-9474-1A3956D46DE8}") = "Applications", "Applications", "{D48A0D9F-48CC-48A4-ABF6-7CA9E0FFFC47}"
EndProject
Project("{2150E333-8FDC-42A3-9474-1A3956D46DE8}") = "Modules", "Modules", "{9F166466-33F5-4860-A225-F55A78618383}"
EndProject
Project("{2150E333-8FDC-42A3-9474-1A3956D46DE8}") = "Tests", "Tests", "{399F0F53-2C69-4F44-BB4D-720A0DDA3BF2}"
EndProject
Project("{FAE04EC0-301F-11D3-BF4B-00C04F79EFBC}") = "Conveyor", "Modules\Conveyor\Conveyor.csproj", "{80432740-4C8E-41A0-9B8B-18B8BCBC7B8A}"
EndProject
Project("{FAE04EC0-301F-11D3-BF4B-00C04F79EFBC}") = "Conveyor.Tests", "Tests\Conveyor.Tests\Conveyor.Tests.csproj", "{186D65FF-722F-43BD-92E7-5375BD8DC35D}"
EndProject
Project("{FAE04EC0-301F-11D3-BF4B-00C04F79EFBC}") = "BiscuitMachine.Testing", "Modules\BiscuitMachine.Testing\BiscuitMachine.Testing.csproj", "{33966016-32EF-46EF-AF43-ECBEAA1CA1CC}"
EndProject
Project("{FAE04EC0-301F-11D3-BF4B-00C04F79EFBC}") = "Motor", "Modules\Motor\Motor.csproj", "{25EFF540-FED5-4D79-BB38-6F076C123A27}"
EndProject
Project("{FAE04EC0-301F-11D3-BF4B-00C04F79EFBC}") = "Motor.Tests", "Tests\Motor.Tests\Motor.Tests.csproj", "{6345502F-EC78-4FC8-B79F-F9ACCBC2EA71}"
EndProject
Global
	GlobalSection(SolutionConfigurationPlatforms) = preSolution
		Debug|Any CPU = Debug|Any CPU
		Release|Any CPU = Release|Any CPU
	EndGlobalSection
	GlobalSection(NestedProjects) = preSolution
		{80432740-4C8E-41A0-9B8B-18B8BCBC7B8A} = {9F166466-33F5-4860-A225-F55A78618383}
		{186D65FF-722F-43BD-92E7-5375BD8DC35D} = {399F0F53-2C69-4F44-BB4D-720A0DDA3BF2}
		{33966016-32EF-46EF-AF43-ECBEAA1CA1CC} = {9F166466-33F5-4860-A225-F55A78618383}
		{25EFF540-FED5-4D79-BB38-6F076C123A27} = {9F166466-33F5-4860-A225-F55A78618383}
		{6345502F-EC78-4FC8-B79F-F9ACCBC2EA71} = {399F0F53-2C69-4F44-BB4D-720A0DDA3BF2}
	EndGlobalSection
	GlobalSection(ProjectConfigurationPlatforms) = postSolution
		{80432740-4C8E-41A0-9B8B-18B8BCBC7B8A}.Debug|Any CPU.ActiveCfg = Debug|Any CPU
		{80432740-4C8E-41A0-9B8B-18B8BCBC7B8A}.Debug|Any CPU.Build.0 = Debug|Any CPU
		{80432740-4C8E-41A0-9B8B-18B8BCBC7B8A}.Release|Any CPU.ActiveCfg = Release|Any CPU
		{80432740-4C8E-41A0-9B8B-18B8BCBC7B8A}.Release|Any CPU.Build.0 = Release|Any CPU
		{186D65FF-722F-43BD-92E7-5375BD8DC35D}.Debug|Any CPU.ActiveCfg = Debug|Any CPU
		{186D65FF-722F-43BD-92E7-5375BD8DC35D}.Debug|Any CPU.Build.0 = Debug|Any CPU
		{186D65FF-722F-43BD-92E7-5375BD8DC35D}.Release|Any CPU.ActiveCfg = Release|Any CPU
		{186D65FF-722F-43BD-92E7-5375BD8DC35D}.Release|Any CPU.Build.0 = Release|Any CPU
		{33966016-32EF-46EF-AF43-ECBEAA1CA1CC}.Debug|Any CPU.ActiveCfg = Debug|Any CPU
		{33966016-32EF-46EF-AF43-ECBEAA1CA1CC}.Debug|Any CPU.Build.0 = Debug|Any CPU
		{33966016-32EF-46EF-AF43-ECBEAA1CA1CC}.Release|Any CPU.ActiveCfg = Release|Any CPU
		{33966016-32EF-46EF-AF43-ECBEAA1CA1CC}.Release|Any CPU.Build.0 = Release|Any CPU
		{25EFF540-FED5-4D79-BB38-6F076C123A27}.Debug|Any CPU.ActiveCfg = Debug|Any CPU
		{25EFF540-FED5-4D79-BB38-6F076C123A27}.Debug|Any CPU.Build.0 = Debug|Any CPU
		{25EFF540-FED5-4D79-BB38-6F076C123A27}.Release|Any CPU.ActiveCfg = Release|Any CPU
		{25EFF540-FED5-4D79-BB38-6F076C123A27}.Release|Any CPU.Build.0 = Release|Any CPU
		{6345502F-EC78-4FC8-B79F-F9ACCBC2EA71}.Debug|Any CPU.ActiveCfg = Debug|Any CPU
		{6345502F-EC78-4FC8-B79F-F9ACCBC2EA71}.Debug|Any CPU.Build.0 = Debug|Any CPU
		{6345502F-EC78-4FC8-B79F-F9ACCBC2EA71}.Release|Any CPU.ActiveCfg = Release|Any CPU
		{6345502F-EC78-4FC8-B79F-F9ACCBC2EA71}.Release|Any CPU.Build.0 = Release|Any CPU
	EndGlobalSection
EndGlobal
